{
  "name": "game",
  "version": "1.0.0",
  "lockfileVersion": 2,
  "requires": true,
  "packages": {
    "": {
      "name": "game",
      "version": "1.0.0",
      "license": "ISC",
      "dependencies": {
        "haste-arcade-sdk": "^1.0.8"
      },
      "devDependencies": {
        "typescript": "^5.4.5"
      }
    },
    "node_modules/haste-arcade-sdk": {
      "version": "1.0.8",
      "resolved": "https://registry.npmjs.org/haste-arcade-sdk/-/haste-arcade-sdk-1.0.8.tgz",
      "integrity": "sha512-bIYOzR6QmA3TjJ7P18PIPRaVw1zxfQdQvCLVtuJSpcgsESAOn+1FRWV/COW8pKhPCw/lt5t4sDahh6VoQHSaLQ=="
    },
    "node_modules/typescript": {
      "version": "5.4.5",
      "resolved": "https://registry.npmjs.org/typescript/-/typescript-5.4.5.tgz",
      "integrity": "sha512-vcI4UpRgg81oIRUFwR0WSIHKt11nJ7SAVlYNIu+QpqeyXP+gpQJy/Z4+F0aGxSE4MqwjyXvW/TzgkLAx2AGHwQ==",
      "dev": true,
      "bin": {
        "tsc": "bin/tsc",
        "tsserver": "bin/tsserver"
      },
      "engines": {
        "node": ">=14.17"
      }
    }
  },
  "dependencies": {
    "haste-arcade-sdk": {
      "version": "1.0.8",
      "resolved": "https://registry.npmjs.org/haste-arcade-sdk/-/haste-arcade-sdk-1.0.8.tgz",
      "integrity": "sha512-bIYOzR6QmA3TjJ7P18PIPRaVw1zxfQdQvCLVtuJSpcgsESAOn+1FRWV/COW8pKhPCw/lt5t4sDahh6VoQHSaLQ=="
    },
    "typescript": {
      "version": "5.4.5",
      "resolved": "https://registry.npmjs.org/typescript/-/typescript-5.4.5.tgz",
      "integrity": "sha512-vcI4UpRgg81oIRUFwR0WSIHKt11nJ7SAVlYNIu+QpqeyXP+gpQJy/Z4+F0aGxSE4MqwjyXvW/TzgkLAx2AGHwQ==",
      "dev": true
    }
  }
}
